
Microsoft Visual Studio Solution File, Format Version 12.00
# Visual Studio Version 16
VisualStudioVersion = 16.0.30907.101
MinimumVisualStudioVersion = 10.0.40219.1
Project("{FAE04EC0-301F-11D3-BF4B-00C04F79EFBC}") = "Blackjack.GameCore", "..\Blackjack.GameCore\Blackjack.GameCore.csproj", "{DD22CA0F-A79F-4B5E-B17B-DEC236240BCD}"
EndProject
Project("{FAE04EC0-301F-11D3-BF4B-00C04F79EFBC}") = "Blackjack.ConcoleApp", "..\Blackjack.ConcoleApp\Blackjack.ConcoleApp.csproj", "{F97CF62B-D921-4D53-A428-FAA6379F6338}"
EndProject
Global
	GlobalSection(SolutionConfigurationPlatforms) = preSolution
		Debug|Any CPU = Debug|Any CPU
		Release|Any CPU = Release|Any CPU
	EndGlobalSection
	GlobalSection(ProjectConfigurationPlatforms) = postSolution
		{DD22CA0F-A79F-4B5E-B17B-DEC236240BCD}.Debug|Any CPU.ActiveCfg = Debug|Any CPU
		{DD22CA0F-A79F-4B5E-B17B-DEC236240BCD}.Debug|Any CPU.Build.0 = Debug|Any CPU
		{DD22CA0F-A79F-4B5E-B17B-DEC236240BCD}.Release|Any CPU.ActiveCfg = Release|Any CPU
		{DD22CA0F-A79F-4B5E-B17B-DEC236240BCD}.Release|Any CPU.Build.0 = Release|Any CPU
		{F97CF62B-D921-4D53-A428-FAA6379F6338}.Debug|Any CPU.ActiveCfg = Debug|Any CPU
		{F97CF62B-D921-4D53-A428-FAA6379F6338}.Debug|Any CPU.Build.0 = Debug|Any CPU
		{F97CF62B-D921-4D53-A428-FAA6379F6338}.Release|Any CPU.ActiveCfg = Release|Any CPU
		{F97CF62B-D921-4D53-A428-FAA6379F6338}.Release|Any CPU.Build.0 = Release|Any CPU
	EndGlobalSection
	GlobalSection(SolutionProperties) = preSolution
		HideSolutionNode = FALSE
	EndGlobalSection
	GlobalSection(ExtensibilityGlobals) = postSolution
		SolutionGuid = {4FD7C84C-59D0-46DE-A7CE-CE6356044203}
	EndGlobalSection
EndGlobal
