
Microsoft Visual Studio Solution File, Format Version 12.00
# Visual Studio Version 16
VisualStudioVersion = 16.0.30907.101
MinimumVisualStudioVersion = 10.0.40219.1
Project("{FAE04EC0-301F-11D3-BF4B-00C04F79EFBC}") = "Blackjack", "Blackjack.csproj", "{BCD6FBD6-B63A-483E-AE2E-901A7C87D802}"
EndProject
Global
	GlobalSection(SolutionConfigurationPlatforms) = preSolution
		Debug|Any CPU = Debug|Any CPU
		Release|Any CPU = Release|Any CPU
	EndGlobalSection
	GlobalSection(ProjectConfigurationPlatforms) = postSolution
		{BCD6FBD6-B63A-483E-AE2E-901A7C87D802}.Debug|Any CPU.ActiveCfg = Debug|Any CPU
		{BCD6FBD6-B63A-483E-AE2E-901A7C87D802}.Debug|Any CPU.Build.0 = Debug|Any CPU
		{BCD6FBD6-B63A-483E-AE2E-901A7C87D802}.Release|Any CPU.ActiveCfg = Release|Any CPU
		{BCD6FBD6-B63A-483E-AE2E-901A7C87D802}.Release|Any CPU.Build.0 = Release|Any CPU
	EndGlobalSection
	GlobalSection(SolutionProperties) = preSolution
		HideSolutionNode = FALSE
	EndGlobalSection
	GlobalSection(ExtensibilityGlobals) = postSolution
		SolutionGuid = {4FD7C84C-59D0-46DE-A7CE-CE6356044203}
	EndGlobalSection
EndGlobal
