
Microsoft Visual Studio Solution File, Format Version 12.00
# Visual Studio Version 16
VisualStudioVersion = 16.0.30907.101
MinimumVisualStudioVersion = 10.0.40219.1
Project("{9A19103F-16F7-4668-BE54-9A1E7A4F7556}") = "Blackjack.ConcoleApp", "Blackjack.ConcoleApp\Blackjack.ConcoleApp.csproj", "{0F9E6995-C1E5-453B-B9E4-421CA8AD062C}"
EndProject
Project("{9A19103F-16F7-4668-BE54-9A1E7A4F7556}") = "Blackjack.GameCore", "Blackjack.GameCore\Blackjack.GameCore.csproj", "{918F6EAD-39E2-43F0-8610-8F023284313C}"
EndProject
Global
	GlobalSection(SolutionConfigurationPlatforms) = preSolution
		Debug|Any CPU = Debug|Any CPU
		Release|Any CPU = Release|Any CPU
	EndGlobalSection
	GlobalSection(ProjectConfigurationPlatforms) = postSolution
		{0F9E6995-C1E5-453B-B9E4-421CA8AD062C}.Debug|Any CPU.ActiveCfg = Debug|Any CPU
		{0F9E6995-C1E5-453B-B9E4-421CA8AD062C}.Debug|Any CPU.Build.0 = Debug|Any CPU
		{0F9E6995-C1E5-453B-B9E4-421CA8AD062C}.Release|Any CPU.ActiveCfg = Release|Any CPU
		{0F9E6995-C1E5-453B-B9E4-421CA8AD062C}.Release|Any CPU.Build.0 = Release|Any CPU
		{918F6EAD-39E2-43F0-8610-8F023284313C}.Debug|Any CPU.ActiveCfg = Debug|Any CPU
		{918F6EAD-39E2-43F0-8610-8F023284313C}.Debug|Any CPU.Build.0 = Debug|Any CPU
		{918F6EAD-39E2-43F0-8610-8F023284313C}.Release|Any CPU.ActiveCfg = Release|Any CPU
		{918F6EAD-39E2-43F0-8610-8F023284313C}.Release|Any CPU.Build.0 = Release|Any CPU
	EndGlobalSection
	GlobalSection(SolutionProperties) = preSolution
		HideSolutionNode = FALSE
	EndGlobalSection
	GlobalSection(ExtensibilityGlobals) = postSolution
		SolutionGuid = {4FD7C84C-59D0-46DE-A7CE-CE6356044203}
	EndGlobalSection
EndGlobal
